
Microsoft Visual Studio Solution File, Format Version 12.00
# Visual Studio Version 16
VisualStudioVersion = 16.0.30413.136
MinimumVisualStudioVersion = 10.0.40219.1
Project("{FAE04EC0-301F-11D3-BF4B-00C04F79EFBC}") = "Practica2", "Practica2\Practica2.csproj", "{60D04678-A1F4-4CDB-9B6D-612EBA16D6C2}"
EndProject
Global
	GlobalSection(SolutionConfigurationPlatforms) = preSolution
		Debug|Any CPU = Debug|Any CPU
		Release|Any CPU = Release|Any CPU
	EndGlobalSection
	GlobalSection(ProjectConfigurationPlatforms) = postSolution
		{60D04678-A1F4-4CDB-9B6D-612EBA16D6C2}.Debug|Any CPU.ActiveCfg = Debug|Any CPU
		{60D04678-A1F4-4CDB-9B6D-612EBA16D6C2}.Debug|Any CPU.Build.0 = Debug|Any CPU
		{60D04678-A1F4-4CDB-9B6D-612EBA16D6C2}.Release|Any CPU.ActiveCfg = Release|Any CPU
		{60D04678-A1F4-4CDB-9B6D-612EBA16D6C2}.Release|Any CPU.Build.0 = Release|Any CPU
	EndGlobalSection
	GlobalSection(SolutionProperties) = preSolution
		HideSolutionNode = FALSE
	EndGlobalSection
	GlobalSection(ExtensibilityGlobals) = postSolution
		SolutionGuid = {130D6811-E6AF-4C5E-BA47-EDB89535CE4C}
	EndGlobalSection
EndGlobal
